
Microsoft Visual Studio Solution File, Format Version 12.00
# Visual Studio Version 16
VisualStudioVersion = 16.0.29418.71
MinimumVisualStudioVersion = 10.0.40219.1
Project("{FAE04EC0-301F-11D3-BF4B-00C04F79EFBC}") = "P01_StudentSystem", "P01_StudentSystem\P01_StudentSystem.csproj", "{76291363-E67A-49DC-98E7-BB67EDF50A68}"
EndProject
Project("{FAE04EC0-301F-11D3-BF4B-00C04F79EFBC}") = "P01_StudentSystem.Data", "P01_StudentSystem.Data\P01_StudentSystem.Data.csproj", "{3897EE1F-80DA-4971-95E8-F9B8F2B6F167}"
EndProject
Project("{FAE04EC0-301F-11D3-BF4B-00C04F79EFBC}") = "P01_StudentSystem.Models", "P01_StudentSystem.Models\P01_StudentSystem.Models.csproj", "{715EF348-4362-4939-B525-60D44128502E}"
EndProject
Global
	GlobalSection(SolutionConfigurationPlatforms) = preSolution
		Debug|Any CPU = Debug|Any CPU
		Release|Any CPU = Release|Any CPU
	EndGlobalSection
	GlobalSection(ProjectConfigurationPlatforms) = postSolution
		{76291363-E67A-49DC-98E7-BB67EDF50A68}.Debug|Any CPU.ActiveCfg = Debug|Any CPU
		{76291363-E67A-49DC-98E7-BB67EDF50A68}.Debug|Any CPU.Build.0 = Debug|Any CPU
		{76291363-E67A-49DC-98E7-BB67EDF50A68}.Release|Any CPU.ActiveCfg = Release|Any CPU
		{76291363-E67A-49DC-98E7-BB67EDF50A68}.Release|Any CPU.Build.0 = Release|Any CPU
		{3897EE1F-80DA-4971-95E8-F9B8F2B6F167}.Debug|Any CPU.ActiveCfg = Debug|Any CPU
		{3897EE1F-80DA-4971-95E8-F9B8F2B6F167}.Debug|Any CPU.Build.0 = Debug|Any CPU
		{3897EE1F-80DA-4971-95E8-F9B8F2B6F167}.Release|Any CPU.ActiveCfg = Release|Any CPU
		{3897EE1F-80DA-4971-95E8-F9B8F2B6F167}.Release|Any CPU.Build.0 = Release|Any CPU
		{715EF348-4362-4939-B525-60D44128502E}.Debug|Any CPU.ActiveCfg = Debug|Any CPU
		{715EF348-4362-4939-B525-60D44128502E}.Debug|Any CPU.Build.0 = Debug|Any CPU
		{715EF348-4362-4939-B525-60D44128502E}.Release|Any CPU.ActiveCfg = Release|Any CPU
		{715EF348-4362-4939-B525-60D44128502E}.Release|Any CPU.Build.0 = Release|Any CPU
	EndGlobalSection
	GlobalSection(SolutionProperties) = preSolution
		HideSolutionNode = FALSE
	EndGlobalSection
	GlobalSection(ExtensibilityGlobals) = postSolution
		SolutionGuid = {F3DC26E5-7ADE-4238-8FCB-0B67E2EF6A37}
	EndGlobalSection
EndGlobal
