
Microsoft Visual Studio Solution File, Format Version 12.00
# Visual Studio Version 16
VisualStudioVersion = 16.0.29418.71
MinimumVisualStudioVersion = 10.0.40219.1
Project("{FAE04EC0-301F-11D3-BF4B-00C04F79EFBC}") = "P03_FootballBetting", "P03_FootballBetting\P03_FootballBetting.csproj", "{58C92AF3-2EDA-4985-B5CB-C395ADF07F60}"
EndProject
Project("{FAE04EC0-301F-11D3-BF4B-00C04F79EFBC}") = "P03_FootballBetting.Data", "P03_FootballBetting.Data\P03_FootballBetting.Data.csproj", "{C73825FA-2A62-4184-95CB-3358F84B57D3}"
EndProject
Project("{FAE04EC0-301F-11D3-BF4B-00C04F79EFBC}") = "P03_FootballBetting.Data.Models", "P03_FootballBetting.Data.Models\P03_FootballBetting.Data.Models.csproj", "{B0B94FF5-53FF-4ED8-AF44-88EFB2E5552E}"
EndProject
Global
	GlobalSection(SolutionConfigurationPlatforms) = preSolution
		Debug|Any CPU = Debug|Any CPU
		Release|Any CPU = Release|Any CPU
	EndGlobalSection
	GlobalSection(ProjectConfigurationPlatforms) = postSolution
		{58C92AF3-2EDA-4985-B5CB-C395ADF07F60}.Debug|Any CPU.ActiveCfg = Debug|Any CPU
		{58C92AF3-2EDA-4985-B5CB-C395ADF07F60}.Debug|Any CPU.Build.0 = Debug|Any CPU
		{58C92AF3-2EDA-4985-B5CB-C395ADF07F60}.Release|Any CPU.ActiveCfg = Release|Any CPU
		{58C92AF3-2EDA-4985-B5CB-C395ADF07F60}.Release|Any CPU.Build.0 = Release|Any CPU
		{C73825FA-2A62-4184-95CB-3358F84B57D3}.Debug|Any CPU.ActiveCfg = Debug|Any CPU
		{C73825FA-2A62-4184-95CB-3358F84B57D3}.Debug|Any CPU.Build.0 = Debug|Any CPU
		{C73825FA-2A62-4184-95CB-3358F84B57D3}.Release|Any CPU.ActiveCfg = Release|Any CPU
		{C73825FA-2A62-4184-95CB-3358F84B57D3}.Release|Any CPU.Build.0 = Release|Any CPU
		{B0B94FF5-53FF-4ED8-AF44-88EFB2E5552E}.Debug|Any CPU.ActiveCfg = Debug|Any CPU
		{B0B94FF5-53FF-4ED8-AF44-88EFB2E5552E}.Debug|Any CPU.Build.0 = Debug|Any CPU
		{B0B94FF5-53FF-4ED8-AF44-88EFB2E5552E}.Release|Any CPU.ActiveCfg = Release|Any CPU
		{B0B94FF5-53FF-4ED8-AF44-88EFB2E5552E}.Release|Any CPU.Build.0 = Release|Any CPU
	EndGlobalSection
	GlobalSection(SolutionProperties) = preSolution
		HideSolutionNode = FALSE
	EndGlobalSection
	GlobalSection(ExtensibilityGlobals) = postSolution
		SolutionGuid = {12B37E87-00B7-4FE7-8CA3-4D30AFFCB297}
	EndGlobalSection
EndGlobal
