
Microsoft Visual Studio Solution File, Format Version 12.00
# Visual Studio Version 16
VisualStudioVersion = 16.0.29418.71
MinimumVisualStudioVersion = 10.0.40219.1
Project("{FAE04EC0-301F-11D3-BF4B-00C04F79EFBC}") = "SoftUni", "SoftUni\SoftUni.csproj", "{549FBE28-D873-4D5D-8771-B60220A19A43}"
EndProject
Global
	GlobalSection(SolutionConfigurationPlatforms) = preSolution
		Debug|Any CPU = Debug|Any CPU
		Release|Any CPU = Release|Any CPU
	EndGlobalSection
	GlobalSection(ProjectConfigurationPlatforms) = postSolution
		{549FBE28-D873-4D5D-8771-B60220A19A43}.Debug|Any CPU.ActiveCfg = Debug|Any CPU
		{549FBE28-D873-4D5D-8771-B60220A19A43}.Debug|Any CPU.Build.0 = Debug|Any CPU
		{549FBE28-D873-4D5D-8771-B60220A19A43}.Release|Any CPU.ActiveCfg = Release|Any CPU
		{549FBE28-D873-4D5D-8771-B60220A19A43}.Release|Any CPU.Build.0 = Release|Any CPU
	EndGlobalSection
	GlobalSection(SolutionProperties) = preSolution
		HideSolutionNode = FALSE
	EndGlobalSection
	GlobalSection(ExtensibilityGlobals) = postSolution
		SolutionGuid = {1A411D12-2E32-4D81-902B-306C709D8B81}
	EndGlobalSection
EndGlobal
