
Microsoft Visual Studio Solution File, Format Version 12.00
# Visual Studio Version 16
VisualStudioVersion = 16.0.29409.12
MinimumVisualStudioVersion = 10.0.40219.1
Project("{FAE04EC0-301F-11D3-BF4B-00C04F79EFBC}") = "SqlConnectionDemo", "SqlConnection\SqlConnectionDemo.csproj", "{52B5C0A3-94C9-4BF1-A362-6E8D18E30A70}"
EndProject
Project("{FAE04EC0-301F-11D3-BF4B-00C04F79EFBC}") = "SqlDataReaderDemo", "SqlDataReader\SqlDataReaderDemo.csproj", "{441175AC-7E7D-47F0-900A-8E9EEAE5FD55}"
EndProject
Global
	GlobalSection(SolutionConfigurationPlatforms) = preSolution
		Debug|Any CPU = Debug|Any CPU
		Release|Any CPU = Release|Any CPU
	EndGlobalSection
	GlobalSection(ProjectConfigurationPlatforms) = postSolution
		{52B5C0A3-94C9-4BF1-A362-6E8D18E30A70}.Debug|Any CPU.ActiveCfg = Debug|Any CPU
		{52B5C0A3-94C9-4BF1-A362-6E8D18E30A70}.Debug|Any CPU.Build.0 = Debug|Any CPU
		{52B5C0A3-94C9-4BF1-A362-6E8D18E30A70}.Release|Any CPU.ActiveCfg = Release|Any CPU
		{52B5C0A3-94C9-4BF1-A362-6E8D18E30A70}.Release|Any CPU.Build.0 = Release|Any CPU
		{441175AC-7E7D-47F0-900A-8E9EEAE5FD55}.Debug|Any CPU.ActiveCfg = Debug|Any CPU
		{441175AC-7E7D-47F0-900A-8E9EEAE5FD55}.Debug|Any CPU.Build.0 = Debug|Any CPU
		{441175AC-7E7D-47F0-900A-8E9EEAE5FD55}.Release|Any CPU.ActiveCfg = Release|Any CPU
		{441175AC-7E7D-47F0-900A-8E9EEAE5FD55}.Release|Any CPU.Build.0 = Release|Any CPU
	EndGlobalSection
	GlobalSection(SolutionProperties) = preSolution
		HideSolutionNode = FALSE
	EndGlobalSection
	GlobalSection(ExtensibilityGlobals) = postSolution
		SolutionGuid = {80DA7FB6-7939-48C0-A420-7808C3EB4ADC}
	EndGlobalSection
EndGlobal
